
Microsoft Visual Studio Solution File, Format Version 12.00
# Visual Studio Version 17
VisualStudioVersion = 17.1.32328.378
MinimumVisualStudioVersion = 10.0.40219.1
Project("{9A19103F-16F7-4668-BE54-9A1E7A4F7556}") = "Tracer.Serialization.Json", "Tracer.Serialization.Json\Tracer.Serialization.Json.csproj", "{EBA021A8-2445-4290-8546-3CC15D946722}"
EndProject
Project("{9A19103F-16F7-4668-BE54-9A1E7A4F7556}") = "Tracer.Serialization.Yaml", "Tracer.Serialization.Yaml\Tracer.Serialization.Yaml.csproj", "{5B26014A-9A57-48CE-816B-5C12ABC87267}"
EndProject
Project("{9A19103F-16F7-4668-BE54-9A1E7A4F7556}") = "Tracer.Serialization.Xml", "Tracer.Serialization.Xml\Tracer.Serialization.Xml.csproj", "{A14BDAFA-D1A9-440B-B2B6-408461A21C56}"
EndProject
Project("{9A19103F-16F7-4668-BE54-9A1E7A4F7556}") = "Tracer.Serialization.Abstractions", "..\Tracer\Tracer.Serialization.Abstractions\Tracer.Serialization.Abstractions.csproj", "{3E8C3A93-B11F-48FD-93BC-3C1DD066B908}"
EndProject
Global
	GlobalSection(SolutionConfigurationPlatforms) = preSolution
		Debug|Any CPU = Debug|Any CPU
		Release|Any CPU = Release|Any CPU
	EndGlobalSection
	GlobalSection(ProjectConfigurationPlatforms) = postSolution
		{EBA021A8-2445-4290-8546-3CC15D946722}.Debug|Any CPU.ActiveCfg = Debug|Any CPU
		{EBA021A8-2445-4290-8546-3CC15D946722}.Debug|Any CPU.Build.0 = Debug|Any CPU
		{EBA021A8-2445-4290-8546-3CC15D946722}.Release|Any CPU.ActiveCfg = Release|Any CPU
		{EBA021A8-2445-4290-8546-3CC15D946722}.Release|Any CPU.Build.0 = Release|Any CPU
		{5B26014A-9A57-48CE-816B-5C12ABC87267}.Debug|Any CPU.ActiveCfg = Debug|Any CPU
		{5B26014A-9A57-48CE-816B-5C12ABC87267}.Debug|Any CPU.Build.0 = Debug|Any CPU
		{5B26014A-9A57-48CE-816B-5C12ABC87267}.Release|Any CPU.ActiveCfg = Release|Any CPU
		{5B26014A-9A57-48CE-816B-5C12ABC87267}.Release|Any CPU.Build.0 = Release|Any CPU
		{A14BDAFA-D1A9-440B-B2B6-408461A21C56}.Debug|Any CPU.ActiveCfg = Debug|Any CPU
		{A14BDAFA-D1A9-440B-B2B6-408461A21C56}.Debug|Any CPU.Build.0 = Debug|Any CPU
		{A14BDAFA-D1A9-440B-B2B6-408461A21C56}.Release|Any CPU.ActiveCfg = Release|Any CPU
		{A14BDAFA-D1A9-440B-B2B6-408461A21C56}.Release|Any CPU.Build.0 = Release|Any CPU
		{3E8C3A93-B11F-48FD-93BC-3C1DD066B908}.Debug|Any CPU.ActiveCfg = Debug|Any CPU
		{3E8C3A93-B11F-48FD-93BC-3C1DD066B908}.Debug|Any CPU.Build.0 = Debug|Any CPU
		{3E8C3A93-B11F-48FD-93BC-3C1DD066B908}.Release|Any CPU.ActiveCfg = Release|Any CPU
		{3E8C3A93-B11F-48FD-93BC-3C1DD066B908}.Release|Any CPU.Build.0 = Release|Any CPU
	EndGlobalSection
	GlobalSection(SolutionProperties) = preSolution
		HideSolutionNode = FALSE
	EndGlobalSection
	GlobalSection(ExtensibilityGlobals) = postSolution
		SolutionGuid = {C4658E9E-28EF-4794-8498-AF81CEFB5DDF}
	EndGlobalSection
EndGlobal
